{
  "name": "discordbot_ts",
  "version": "1.0.0",
  "lockfileVersion": 2,
  "requires": true,
  "packages": {
    "": {
      "name": "discordbot_ts",
      "version": "1.0.0",
      "license": "ISC",
      "dependencies": {
        "@discordjs/rest": "^1.4.0",
        "@types/ramda": "^0.27.46",
        "axios": "^0.27.2",
        "discord-api-types": "^0.37.20",
        "discord.js": "^14.7.1",
        "dotenv": "^10.0.0",
        "openai": "^3.1.0",
        "ramda": "^0.27.1",
        "ts-node": "^10.4.0"
      },
      "engines": {
        "node": "16.x"
      }
    },
    "node_modules/@cspotcode/source-map-consumer": {
      "version": "0.8.0",
      "resolved": "https://registry.npmjs.org/@cspotcode/source-map-consumer/-/source-map-consumer-0.8.0.tgz",
      "integrity": "sha512-41qniHzTU8yAGbCp04ohlmSrZf8bkf/iJsl3V0dRGsQN/5GFfx+LbCSsCpp2gqrqjTVg/K6O8ycoV35JIwAzAg==",
      "engines": {
        "node": ">= 12"
      }
    },
    "node_modules/@cspotcode/source-map-support": {
      "version": "0.7.0",
      "resolved": "https://registry.npmjs.org/@cspotcode/source-map-support/-/source-map-support-0.7.0.tgz",
      "integrity": "sha512-X4xqRHqN8ACt2aHVe51OxeA2HjbcL4MqFqXkrmQszJ1NOUuUu5u6Vqx/0lZSVNku7velL5FC/s5uEAj1lsBMhA==",
      "dependencies": {
        "@cspotcode/source-map-consumer": "0.8.0"
      },
      "engines": {
        "node": ">=12"
      }
    },
    "node_modules/@discordjs/builders": {
      "version": "1.4.0",
      "resolved": "https://registry.npmjs.org/@discordjs/builders/-/builders-1.4.0.tgz",
      "integrity": "sha512-nEeTCheTTDw5kO93faM1j8ZJPonAX86qpq/QVoznnSa8WWcCgJpjlu6GylfINTDW6o7zZY0my2SYdxx2mfNwGA==",
      "dependencies": {
        "@discordjs/util": "^0.1.0",
        "@sapphire/shapeshift": "^3.7.1",
        "discord-api-types": "^0.37.20",
        "fast-deep-equal": "^3.1.3",
        "ts-mixer": "^6.0.2",
        "tslib": "^2.4.1"
      },
      "engines": {
        "node": ">=16.9.0"
      }
    },
    "node_modules/@discordjs/collection": {
      "version": "1.3.0",
      "resolved": "https://registry.npmjs.org/@discordjs/collection/-/collection-1.3.0.tgz",
      "integrity": "sha512-ylt2NyZ77bJbRij4h9u/wVy7qYw/aDqQLWnadjvDqW/WoWCxrsX6M3CIw9GVP5xcGCDxsrKj5e0r5evuFYwrKg==",
      "engines": {
        "node": ">=16.9.0"
      }
    },
    "node_modules/@discordjs/rest": {
      "version": "1.4.0",
      "resolved": "https://registry.npmjs.org/@discordjs/rest/-/rest-1.4.0.tgz",
      "integrity": "sha512-k3Ip7ffFSAfp7Mu4H/3BEXFvFz+JsbXRrRtpeBMnSp1LefhtlZWJE6xdXzNlblktKNQltnRwY+z0NZrGQdxAMw==",
      "dependencies": {
        "@discordjs/collection": "^1.3.0",
        "@discordjs/util": "^0.1.0",
        "@sapphire/async-queue": "^1.5.0",
        "@sapphire/snowflake": "^3.2.2",
        "discord-api-types": "^0.37.20",
        "file-type": "^18.0.0",
        "tslib": "^2.4.1",
        "undici": "^5.13.0"
      },
      "engines": {
        "node": ">=16.9.0"
      }
    },
    "node_modules/@discordjs/util": {
      "version": "0.1.0",
      "resolved": "https://registry.npmjs.org/@discordjs/util/-/util-0.1.0.tgz",
      "integrity": "sha512-e7d+PaTLVQav6rOc2tojh2y6FE8S7REkqLldq1XF4soCx74XB/DIjbVbVLtBemf0nLW77ntz0v+o5DytKwFNLQ==",
      "engines": {
        "node": ">=16.9.0"
      }
    },
    "node_modules/@sapphire/async-queue": {
      "version": "1.5.0",
      "resolved": "https://registry.npmjs.org/@sapphire/async-queue/-/async-queue-1.5.0.tgz",
      "integrity": "sha512-JkLdIsP8fPAdh9ZZjrbHWR/+mZj0wvKS5ICibcLrRI1j84UmLMshx5n9QmL8b95d4onJ2xxiyugTgSAX7AalmA==",
      "engines": {
        "node": ">=v14.0.0",
        "npm": ">=7.0.0"
      }
    },
    "node_modules/@sapphire/shapeshift": {
      "version": "3.7.1",
      "resolved": "https://registry.npmjs.org/@sapphire/shapeshift/-/shapeshift-3.7.1.tgz",
      "integrity": "sha512-JmYN/0GW49Vl8Hi4PwrsDBNjcuCylH78vWYolVys74LRIzilAAMINxx4RHQOdvYoz+ceJKVp4+zBbQ5kuIFOLw==",
      "dependencies": {
        "fast-deep-equal": "^3.1.3",
        "lodash.uniqwith": "^4.5.0"
      },
      "engines": {
        "node": ">=v14.0.0",
        "npm": ">=7.0.0"
      }
    },
    "node_modules/@sapphire/snowflake": {
      "version": "3.3.0",
      "resolved": "https://registry.npmjs.org/@sapphire/snowflake/-/snowflake-3.3.0.tgz",
      "integrity": "sha512-Hec5N6zEkZuZFLybVKyLFLlcSgYmR6C1/+9NkIhxPwOf6tgX52ndJCSz8ADejmbrNE0VuNCNkpzhRZzenEC9vA==",
      "engines": {
        "node": ">=v14.0.0",
        "npm": ">=7.0.0"
      }
    },
    "node_modules/@tokenizer/token": {
      "version": "0.3.0",
      "resolved": "https://registry.npmjs.org/@tokenizer/token/-/token-0.3.0.tgz",
      "integrity": "sha512-OvjF+z51L3ov0OyAU0duzsYuvO01PH7x4t6DJx+guahgTnBHkhJdG7soQeTSFLWN3efnHyibZ4Z8l2EuWwJN3A=="
    },
    "node_modules/@tsconfig/node10": {
      "version": "1.0.8",
      "resolved": "https://registry.npmjs.org/@tsconfig/node10/-/node10-1.0.8.tgz",
      "integrity": "sha512-6XFfSQmMgq0CFLY1MslA/CPUfhIL919M1rMsa5lP2P097N2Wd1sSX0tx1u4olM16fLNhtHZpRhedZJphNJqmZg=="
    },
    "node_modules/@tsconfig/node12": {
      "version": "1.0.9",
      "resolved": "https://registry.npmjs.org/@tsconfig/node12/-/node12-1.0.9.tgz",
      "integrity": "sha512-/yBMcem+fbvhSREH+s14YJi18sp7J9jpuhYByADT2rypfajMZZN4WQ6zBGgBKp53NKmqI36wFYDb3yaMPurITw=="
    },
    "node_modules/@tsconfig/node14": {
      "version": "1.0.1",
      "resolved": "https://registry.npmjs.org/@tsconfig/node14/-/node14-1.0.1.tgz",
      "integrity": "sha512-509r2+yARFfHHE7T6Puu2jjkoycftovhXRqW328PDXTVGKihlb1P8Z9mMZH04ebyajfRY7dedfGynlrFHJUQCg=="
    },
    "node_modules/@tsconfig/node16": {
      "version": "1.0.2",
      "resolved": "https://registry.npmjs.org/@tsconfig/node16/-/node16-1.0.2.tgz",
      "integrity": "sha512-eZxlbI8GZscaGS7kkc/trHTT5xgrjH3/1n2JDwusC9iahPKWMRvRjJSAN5mCXviuTGQ/lHnhvv8Q1YTpnfz9gA=="
    },
    "node_modules/@types/node": {
      "version": "16.11.10",
      "resolved": "https://registry.npmjs.org/@types/node/-/node-16.11.10.tgz",
      "integrity": "sha512-3aRnHa1KlOEEhJ6+CvyHKK5vE9BcLGjtUpwvqYLRvYNQKMfabu3BwfJaA/SLW8dxe28LsNDjtHwePTuzn3gmOA=="
    },
    "node_modules/@types/ramda": {
      "version": "0.27.54",
      "resolved": "https://registry.npmjs.org/@types/ramda/-/ramda-0.27.54.tgz",
      "integrity": "sha512-vm/FH3MGPBLFzpN1lrF/L6PtQ4saKSagzhfVGvPkw65XeZn8kLg8rarCo1MYkqQRgMcneuWDwNpVjEjZRUhEyA==",
      "dependencies": {
        "ts-toolbelt": "^6.15.1"
      }
    },
    "node_modules/@types/ws": {
      "version": "8.5.3",
      "resolved": "https://registry.npmjs.org/@types/ws/-/ws-8.5.3.tgz",
      "integrity": "sha512-6YOoWjruKj1uLf3INHH7D3qTXwFfEsg1kf3c0uDdSBJwfa/llkwIjrAGV7j7mVgGNbzTQ3HiHKKDXl6bJPD97w==",
      "dependencies": {
        "@types/node": "*"
      }
    },
    "node_modules/acorn": {
      "version": "8.6.0",
      "resolved": "https://registry.npmjs.org/acorn/-/acorn-8.6.0.tgz",
      "integrity": "sha512-U1riIR+lBSNi3IbxtaHOIKdH8sLFv3NYfNv8sg7ZsNhcfl4HF2++BfqqrNAxoCLQW1iiylOj76ecnaUxz+z9yw==",
      "bin": {
        "acorn": "bin/acorn"
      },
      "engines": {
        "node": ">=0.4.0"
      }
    },
    "node_modules/acorn-walk": {
      "version": "8.2.0",
      "resolved": "https://registry.npmjs.org/acorn-walk/-/acorn-walk-8.2.0.tgz",
      "integrity": "sha512-k+iyHEuPgSw6SbuDpGQM+06HQUa04DZ3o+F6CSzXMvvI5KMvnaEqXe+YVe555R9nn6GPt404fos4wcgpw12SDA==",
      "engines": {
        "node": ">=0.4.0"
      }
    },
    "node_modules/arg": {
      "version": "4.1.3",
      "resolved": "https://registry.npmjs.org/arg/-/arg-4.1.3.tgz",
      "integrity": "sha512-58S9QDqG0Xx27YwPSt9fJxivjYl432YCwfDMfZ+71RAqUrZef7LrKQZ3LHLOwCS4FLNBplP533Zx895SeOCHvA=="
    },
    "node_modules/asynckit": {
      "version": "0.4.0",
      "resolved": "https://registry.npmjs.org/asynckit/-/asynckit-0.4.0.tgz",
      "integrity": "sha1-x57Zf380y48robyXkLzDZkdLS3k="
    },
    "node_modules/axios": {
      "version": "0.27.2",
      "resolved": "https://registry.npmjs.org/axios/-/axios-0.27.2.tgz",
      "integrity": "sha512-t+yRIyySRTp/wua5xEr+z1q60QmLq8ABsS5O9Me1AsE5dfKqgnCFzwiCZZ/cGNd1lq4/7akDWMxdhVlucjmnOQ==",
      "dependencies": {
        "follow-redirects": "^1.14.9",
        "form-data": "^4.0.0"
      }
    },
    "node_modules/busboy": {
      "version": "1.6.0",
      "resolved": "https://registry.npmjs.org/busboy/-/busboy-1.6.0.tgz",
      "integrity": "sha512-8SFQbg/0hQ9xy3UNTB0YEnsNBbWfhf7RtnzpL7TkBiTBRfrQ9Fxcnz7VJsleJpyp6rVLvXiuORqjlHi5q+PYuA==",
      "dependencies": {
        "streamsearch": "^1.1.0"
      },
      "engines": {
        "node": ">=10.16.0"
      }
    },
    "node_modules/combined-stream": {
      "version": "1.0.8",
      "resolved": "https://registry.npmjs.org/combined-stream/-/combined-stream-1.0.8.tgz",
      "integrity": "sha512-FQN4MRfuJeHf7cBbBMJFXhKSDq+2kAArBlmRBvcvFE5BB1HZKXtSFASDhdlz9zOYwxh8lDdnvmMOe/+5cdoEdg==",
      "dependencies": {
        "delayed-stream": "~1.0.0"
      },
      "engines": {
        "node": ">= 0.8"
      }
    },
    "node_modules/create-require": {
      "version": "1.1.1",
      "resolved": "https://registry.npmjs.org/create-require/-/create-require-1.1.1.tgz",
      "integrity": "sha512-dcKFX3jn0MpIaXjisoRvexIJVEKzaq7z2rZKxf+MSr9TkdmHmsU4m2lcLojrj/FHl8mk5VxMmYA+ftRkP/3oKQ=="
    },
    "node_modules/delayed-stream": {
      "version": "1.0.0",
      "resolved": "https://registry.npmjs.org/delayed-stream/-/delayed-stream-1.0.0.tgz",
      "integrity": "sha1-3zrhmayt+31ECqrgsp4icrJOxhk=",
      "engines": {
        "node": ">=0.4.0"
      }
    },
    "node_modules/diff": {
      "version": "4.0.2",
      "resolved": "https://registry.npmjs.org/diff/-/diff-4.0.2.tgz",
      "integrity": "sha512-58lmxKSA4BNyLz+HHMUzlOEpg09FV+ev6ZMe3vJihgdxzgcwZ8VoEEPmALCZG9LmqfVoNMMKpttIYTVG6uDY7A==",
      "engines": {
        "node": ">=0.3.1"
      }
    },
    "node_modules/discord-api-types": {
      "version": "0.37.20",
      "resolved": "https://registry.npmjs.org/discord-api-types/-/discord-api-types-0.37.20.tgz",
      "integrity": "sha512-uAO+55E11rMkYR36/paE1vKN8c2bZa1mgrIaiQIBgIZRKZTDIGOZB+8I5eMRPFJcGxrg16riUu+0aTu2JQEPew=="
    },
    "node_modules/discord.js": {
      "version": "14.7.1",
      "resolved": "https://registry.npmjs.org/discord.js/-/discord.js-14.7.1.tgz",
      "integrity": "sha512-1FECvqJJjjeYcjSm0IGMnPxLqja/pmG1B0W2l3lUY2Gi4KXiyTeQmU1IxWcbXHn2k+ytP587mMWqva2IA87EbA==",
      "dependencies": {
        "@discordjs/builders": "^1.4.0",
        "@discordjs/collection": "^1.3.0",
        "@discordjs/rest": "^1.4.0",
        "@discordjs/util": "^0.1.0",
        "@sapphire/snowflake": "^3.2.2",
        "@types/ws": "^8.5.3",
        "discord-api-types": "^0.37.20",
        "fast-deep-equal": "^3.1.3",
        "lodash.snakecase": "^4.1.1",
        "tslib": "^2.4.1",
        "undici": "^5.13.0",
        "ws": "^8.11.0"
      },
      "engines": {
        "node": ">=16.9.0"
      }
    },
    "node_modules/dotenv": {
      "version": "10.0.0",
      "resolved": "https://registry.npmjs.org/dotenv/-/dotenv-10.0.0.tgz",
      "integrity": "sha512-rlBi9d8jpv9Sf1klPjNfFAuWDjKLwTIJJ/VxtoTwIR6hnZxcEOQCZg2oIL3MWBYw5GpUDKOEnND7LXTbIpQ03Q==",
      "engines": {
        "node": ">=10"
      }
    },
    "node_modules/fast-deep-equal": {
      "version": "3.1.3",
      "resolved": "https://registry.npmjs.org/fast-deep-equal/-/fast-deep-equal-3.1.3.tgz",
      "integrity": "sha512-f3qQ9oQy9j2AhBe/H9VC91wLmKBCCU/gDOnKNAYG5hswO7BLKj09Hc5HYNz9cGI++xlpDCIgDaitVs03ATR84Q=="
    },
    "node_modules/file-type": {
      "version": "18.0.0",
      "resolved": "https://registry.npmjs.org/file-type/-/file-type-18.0.0.tgz",
      "integrity": "sha512-jjMwFpnW8PKofLE/4ohlhqwDk5k0NC6iy0UHAJFKoY1fQeGMN0GDdLgHQrvCbSpMwbqzoCZhRI5dETCZna5qVA==",
      "dependencies": {
        "readable-web-to-node-stream": "^3.0.2",
        "strtok3": "^7.0.0",
        "token-types": "^5.0.1"
      },
      "engines": {
        "node": ">=14.16"
      },
      "funding": {
        "url": "https://github.com/sindresorhus/file-type?sponsor=1"
      }
    },
    "node_modules/follow-redirects": {
      "version": "1.15.2",
      "resolved": "https://registry.npmjs.org/follow-redirects/-/follow-redirects-1.15.2.tgz",
      "integrity": "sha512-VQLG33o04KaQ8uYi2tVNbdrWp1QWxNNea+nmIB4EVM28v0hmP17z7aG1+wAkNzVq4KeXTq3221ye5qTJP91JwA==",
      "funding": [
        {
          "type": "individual",
          "url": "https://github.com/sponsors/RubenVerborgh"
        }
      ],
      "engines": {
        "node": ">=4.0"
      },
      "peerDependenciesMeta": {
        "debug": {
          "optional": true
        }
      }
    },
    "node_modules/form-data": {
      "version": "4.0.0",
      "resolved": "https://registry.npmjs.org/form-data/-/form-data-4.0.0.tgz",
      "integrity": "sha512-ETEklSGi5t0QMZuiXoA/Q6vcnxcLQP5vdugSpuAyi6SVGi2clPPp+xgEhuMaHC+zGgn31Kd235W35f7Hykkaww==",
      "dependencies": {
        "asynckit": "^0.4.0",
        "combined-stream": "^1.0.8",
        "mime-types": "^2.1.12"
      },
      "engines": {
        "node": ">= 6"
      }
    },
    "node_modules/ieee754": {
      "version": "1.2.1",
      "resolved": "https://registry.npmjs.org/ieee754/-/ieee754-1.2.1.tgz",
      "integrity": "sha512-dcyqhDvX1C46lXZcVqCpK+FtMRQVdIMN6/Df5js2zouUsqG7I6sFxitIC+7KYK29KdXOLHdu9zL4sFnoVQnqaA==",
      "funding": [
        {
          "type": "github",
          "url": "https://github.com/sponsors/feross"
        },
        {
          "type": "patreon",
          "url": "https://www.patreon.com/feross"
        },
        {
          "type": "consulting",
          "url": "https://feross.org/support"
        }
      ]
    },
    "node_modules/inherits": {
      "version": "2.0.4",
      "resolved": "https://registry.npmjs.org/inherits/-/inherits-2.0.4.tgz",
      "integrity": "sha512-k/vGaX4/Yla3WzyMCvTQOXYeIHvqOKtnqBduzTHpzpQZzAskKMhZ2K+EnBiSM9zGSoIFeMpXKxa4dYeZIQqewQ=="
    },
    "node_modules/lodash.snakecase": {
      "version": "4.1.1",
      "resolved": "https://registry.npmjs.org/lodash.snakecase/-/lodash.snakecase-4.1.1.tgz",
      "integrity": "sha512-QZ1d4xoBHYUeuouhEq3lk3Uq7ldgyFXGBhg04+oRLnIz8o9T65Eh+8YdroUwn846zchkA9yDsDl5CVVaV2nqYw=="
    },
    "node_modules/lodash.uniqwith": {
      "version": "4.5.0",
      "resolved": "https://registry.npmjs.org/lodash.uniqwith/-/lodash.uniqwith-4.5.0.tgz",
      "integrity": "sha512-7lYL8bLopMoy4CTICbxygAUq6CdRJ36vFc80DucPueUee+d5NBRxz3FdT9Pes/HEx5mPoT9jwnsEJWz1N7uq7Q=="
    },
    "node_modules/make-error": {
      "version": "1.3.6",
      "resolved": "https://registry.npmjs.org/make-error/-/make-error-1.3.6.tgz",
      "integrity": "sha512-s8UhlNe7vPKomQhC1qFelMokr/Sc3AgNbso3n74mVPA5LTZwkB9NlXf4XPamLxJE8h0gh73rM94xvwRT2CVInw=="
    },
    "node_modules/mime-db": {
      "version": "1.51.0",
      "resolved": "https://registry.npmjs.org/mime-db/-/mime-db-1.51.0.tgz",
      "integrity": "sha512-5y8A56jg7XVQx2mbv1lu49NR4dokRnhZYTtL+KGfaa27uq4pSTXkwQkFJl4pkRMyNFz/EtYDSkiiEHx3F7UN6g==",
      "engines": {
        "node": ">= 0.6"
      }
    },
    "node_modules/mime-types": {
      "version": "2.1.34",
      "resolved": "https://registry.npmjs.org/mime-types/-/mime-types-2.1.34.tgz",
      "integrity": "sha512-6cP692WwGIs9XXdOO4++N+7qjqv0rqxxVvJ3VHPh/Sc9mVZcQP+ZGhkKiTvWMQRr2tbHkJP/Yn7Y0npb3ZBs4A==",
      "dependencies": {
        "mime-db": "1.51.0"
      },
      "engines": {
        "node": ">= 0.6"
      }
    },
    "node_modules/openai": {
      "version": "3.1.0",
      "resolved": "https://registry.npmjs.org/openai/-/openai-3.1.0.tgz",
      "integrity": "sha512-v5kKFH5o+8ld+t0arudj833Mgm3GcgBnbyN9946bj6u7bvel4Yg6YFz2A4HLIYDzmMjIo0s6vSG9x73kOwvdCg==",
      "dependencies": {
        "axios": "^0.26.0",
        "form-data": "^4.0.0"
      }
    },
    "node_modules/openai/node_modules/axios": {
      "version": "0.26.1",
      "resolved": "https://registry.npmjs.org/axios/-/axios-0.26.1.tgz",
      "integrity": "sha512-fPwcX4EvnSHuInCMItEhAGnaSEXRBjtzh9fOtsE6E1G6p7vl7edEeZe11QHf18+6+9gR5PbKV/sGKNaD8YaMeA==",
      "dependencies": {
        "follow-redirects": "^1.14.8"
      }
    },
    "node_modules/peek-readable": {
      "version": "5.0.0",
      "resolved": "https://registry.npmjs.org/peek-readable/-/peek-readable-5.0.0.tgz",
      "integrity": "sha512-YtCKvLUOvwtMGmrniQPdO7MwPjgkFBtFIrmfSbYmYuq3tKDV/mcfAhBth1+C3ru7uXIZasc/pHnb+YDYNkkj4A==",
      "engines": {
        "node": ">=14.16"
      },
      "funding": {
        "type": "github",
        "url": "https://github.com/sponsors/Borewit"
      }
    },
    "node_modules/ramda": {
      "version": "0.27.1",
      "resolved": "https://registry.npmjs.org/ramda/-/ramda-0.27.1.tgz",
      "integrity": "sha512-PgIdVpn5y5Yns8vqb8FzBUEYn98V3xcPgawAkkgj0YJ0qDsnHCiNmZYfOGMgOvoB0eWFLpYbhxUR3mxfDIMvpw=="
    },
    "node_modules/readable-stream": {
      "version": "3.6.0",
      "resolved": "https://registry.npmjs.org/readable-stream/-/readable-stream-3.6.0.tgz",
      "integrity": "sha512-BViHy7LKeTz4oNnkcLJ+lVSL6vpiFeX6/d3oSH8zCW7UxP2onchk+vTGB143xuFjHS3deTgkKoXXymXqymiIdA==",
      "dependencies": {
        "inherits": "^2.0.3",
        "string_decoder": "^1.1.1",
        "util-deprecate": "^1.0.1"
      },
      "engines": {
        "node": ">= 6"
      }
    },
    "node_modules/readable-web-to-node-stream": {
      "version": "3.0.2",
      "resolved": "https://registry.npmjs.org/readable-web-to-node-stream/-/readable-web-to-node-stream-3.0.2.tgz",
      "integrity": "sha512-ePeK6cc1EcKLEhJFt/AebMCLL+GgSKhuygrZ/GLaKZYEecIgIECf4UaUuaByiGtzckwR4ain9VzUh95T1exYGw==",
      "dependencies": {
        "readable-stream": "^3.6.0"
      },
      "engines": {
        "node": ">=8"
      },
      "funding": {
        "type": "github",
        "url": "https://github.com/sponsors/Borewit"
      }
    },
    "node_modules/safe-buffer": {
      "version": "5.2.1",
      "resolved": "https://registry.npmjs.org/safe-buffer/-/safe-buffer-5.2.1.tgz",
      "integrity": "sha512-rp3So07KcdmmKbGvgaNxQSJr7bGVSVk5S9Eq1F+ppbRo70+YeaDxkw5Dd8NPN+GD6bjnYm2VuPuCXmpuYvmCXQ==",
      "funding": [
        {
          "type": "github",
          "url": "https://github.com/sponsors/feross"
        },
        {
          "type": "patreon",
          "url": "https://www.patreon.com/feross"
        },
        {
          "type": "consulting",
          "url": "https://feross.org/support"
        }
      ]
    },
    "node_modules/streamsearch": {
      "version": "1.1.0",
      "resolved": "https://registry.npmjs.org/streamsearch/-/streamsearch-1.1.0.tgz",
      "integrity": "sha512-Mcc5wHehp9aXz1ax6bZUyY5afg9u2rv5cqQI3mRrYkGC8rW2hM02jWuwjtL++LS5qinSyhj2QfLyNsuc+VsExg==",
      "engines": {
        "node": ">=10.0.0"
      }
    },
    "node_modules/string_decoder": {
      "version": "1.3.0",
      "resolved": "https://registry.npmjs.org/string_decoder/-/string_decoder-1.3.0.tgz",
      "integrity": "sha512-hkRX8U1WjJFd8LsDJ2yQ/wWWxaopEsABU1XfkM8A+j0+85JAGppt16cr1Whg6KIbb4okU6Mql6BOj+uup/wKeA==",
      "dependencies": {
        "safe-buffer": "~5.2.0"
      }
    },
    "node_modules/strtok3": {
      "version": "7.0.0",
      "resolved": "https://registry.npmjs.org/strtok3/-/strtok3-7.0.0.tgz",
      "integrity": "sha512-pQ+V+nYQdC5H3Q7qBZAz/MO6lwGhoC2gOAjuouGf/VO0m7vQRh8QNMl2Uf6SwAtzZ9bOw3UIeBukEGNJl5dtXQ==",
      "dependencies": {
        "@tokenizer/token": "^0.3.0",
        "peek-readable": "^5.0.0"
      },
      "engines": {
        "node": ">=14.16"
      },
      "funding": {
        "type": "github",
        "url": "https://github.com/sponsors/Borewit"
      }
    },
    "node_modules/token-types": {
      "version": "5.0.1",
      "resolved": "https://registry.npmjs.org/token-types/-/token-types-5.0.1.tgz",
      "integrity": "sha512-Y2fmSnZjQdDb9W4w4r1tswlMHylzWIeOKpx0aZH9BgGtACHhrk3OkT52AzwcuqTRBZtvvnTjDBh8eynMulu8Vg==",
      "dependencies": {
        "@tokenizer/token": "^0.3.0",
        "ieee754": "^1.2.1"
      },
      "engines": {
        "node": ">=14.16"
      },
      "funding": {
        "type": "github",
        "url": "https://github.com/sponsors/Borewit"
      }
    },
    "node_modules/ts-mixer": {
      "version": "6.0.2",
      "resolved": "https://registry.npmjs.org/ts-mixer/-/ts-mixer-6.0.2.tgz",
      "integrity": "sha512-zvHx3VM83m2WYCE8XL99uaM7mFwYSkjR2OZti98fabHrwkjsCvgwChda5xctein3xGOyaQhtTeDq/1H/GNvF3A=="
    },
    "node_modules/ts-node": {
      "version": "10.4.0",
      "resolved": "https://registry.npmjs.org/ts-node/-/ts-node-10.4.0.tgz",
      "integrity": "sha512-g0FlPvvCXSIO1JDF6S232P5jPYqBkRL9qly81ZgAOSU7rwI0stphCgd2kLiCrU9DjQCrJMWEqcNSjQL02s6d8A==",
      "dependencies": {
        "@cspotcode/source-map-support": "0.7.0",
        "@tsconfig/node10": "^1.0.7",
        "@tsconfig/node12": "^1.0.7",
        "@tsconfig/node14": "^1.0.0",
        "@tsconfig/node16": "^1.0.2",
        "acorn": "^8.4.1",
        "acorn-walk": "^8.1.1",
        "arg": "^4.1.0",
        "create-require": "^1.1.0",
        "diff": "^4.0.1",
        "make-error": "^1.1.1",
        "yn": "3.1.1"
      },
      "bin": {
        "ts-node": "dist/bin.js",
        "ts-node-cwd": "dist/bin-cwd.js",
        "ts-node-script": "dist/bin-script.js",
        "ts-node-transpile-only": "dist/bin-transpile.js",
        "ts-script": "dist/bin-script-deprecated.js"
      },
      "peerDependencies": {
        "@swc/core": ">=1.2.50",
        "@swc/wasm": ">=1.2.50",
        "@types/node": "*",
        "typescript": ">=2.7"
      },
      "peerDependenciesMeta": {
        "@swc/core": {
          "optional": true
        },
        "@swc/wasm": {
          "optional": true
        }
      }
    },
    "node_modules/ts-toolbelt": {
      "version": "6.15.5",
      "resolved": "https://registry.npmjs.org/ts-toolbelt/-/ts-toolbelt-6.15.5.tgz",
      "integrity": "sha512-FZIXf1ksVyLcfr7M317jbB67XFJhOO1YqdTcuGaq9q5jLUoTikukZ+98TPjKiP2jC5CgmYdWWYs0s2nLSU0/1A=="
    },
    "node_modules/tslib": {
      "version": "2.4.1",
      "resolved": "https://registry.npmjs.org/tslib/-/tslib-2.4.1.tgz",
      "integrity": "sha512-tGyy4dAjRIEwI7BzsB0lynWgOpfqjUdq91XXAlIWD2OwKBH7oCl/GZG/HT4BOHrTlPMOASlMQ7veyTqpmRcrNA=="
    },
    "node_modules/typescript": {
      "version": "4.5.2",
      "resolved": "https://registry.npmjs.org/typescript/-/typescript-4.5.2.tgz",
      "integrity": "sha512-5BlMof9H1yGt0P8/WF+wPNw6GfctgGjXp5hkblpyT+8rkASSmkUKMXrxR0Xg8ThVCi/JnHQiKXeBaEwCeQwMFw==",
      "peer": true,
      "bin": {
        "tsc": "bin/tsc",
        "tsserver": "bin/tsserver"
      },
      "engines": {
        "node": ">=4.2.0"
      }
    },
    "node_modules/undici": {
      "version": "5.13.0",
      "resolved": "https://registry.npmjs.org/undici/-/undici-5.13.0.tgz",
      "integrity": "sha512-UDZKtwb2k7KRsK4SdXWG7ErXiL7yTGgLWvk2AXO1JMjgjh404nFo6tWSCM2xMpJwMPx3J8i/vfqEh1zOqvj82Q==",
      "dependencies": {
        "busboy": "^1.6.0"
      },
      "engines": {
        "node": ">=12.18"
      }
    },
    "node_modules/util-deprecate": {
      "version": "1.0.2",
      "resolved": "https://registry.npmjs.org/util-deprecate/-/util-deprecate-1.0.2.tgz",
      "integrity": "sha512-EPD5q1uXyFxJpCrLnCc1nHnq3gOa6DZBocAIiI2TaSCA7VCJ1UJDMagCzIkXNsUYfD1daK//LTEQ8xiIbrHtcw=="
    },
    "node_modules/ws": {
      "version": "8.11.0",
      "resolved": "https://registry.npmjs.org/ws/-/ws-8.11.0.tgz",
      "integrity": "sha512-HPG3wQd9sNQoT9xHyNCXoDUa+Xw/VevmY9FoHyQ+g+rrMn4j6FB4np7Z0OhdTgjx6MgQLK7jwSy1YecU1+4Asg==",
      "engines": {
        "node": ">=10.0.0"
      },
      "peerDependencies": {
        "bufferutil": "^4.0.1",
        "utf-8-validate": "^5.0.2"
      },
      "peerDependenciesMeta": {
        "bufferutil": {
          "optional": true
        },
        "utf-8-validate": {
          "optional": true
        }
      }
    },
    "node_modules/yn": {
      "version": "3.1.1",
      "resolved": "https://registry.npmjs.org/yn/-/yn-3.1.1.tgz",
      "integrity": "sha512-Ux4ygGWsu2c7isFWe8Yu1YluJmqVhxqK2cLXNQA5AcC3QfbGNpM7fu0Y8b/z16pXLnFxZYvWhd3fhBY9DLmC6Q==",
      "engines": {
        "node": ">=6"
      }
    }
  },
  "dependencies": {
    "@cspotcode/source-map-consumer": {
      "version": "0.8.0",
      "resolved": "https://registry.npmjs.org/@cspotcode/source-map-consumer/-/source-map-consumer-0.8.0.tgz",
      "integrity": "sha512-41qniHzTU8yAGbCp04ohlmSrZf8bkf/iJsl3V0dRGsQN/5GFfx+LbCSsCpp2gqrqjTVg/K6O8ycoV35JIwAzAg=="
    },
    "@cspotcode/source-map-support": {
      "version": "0.7.0",
      "resolved": "https://registry.npmjs.org/@cspotcode/source-map-support/-/source-map-support-0.7.0.tgz",
      "integrity": "sha512-X4xqRHqN8ACt2aHVe51OxeA2HjbcL4MqFqXkrmQszJ1NOUuUu5u6Vqx/0lZSVNku7velL5FC/s5uEAj1lsBMhA==",
      "requires": {
        "@cspotcode/source-map-consumer": "0.8.0"
      }
    },
    "@discordjs/builders": {
      "version": "1.4.0",
      "resolved": "https://registry.npmjs.org/@discordjs/builders/-/builders-1.4.0.tgz",
      "integrity": "sha512-nEeTCheTTDw5kO93faM1j8ZJPonAX86qpq/QVoznnSa8WWcCgJpjlu6GylfINTDW6o7zZY0my2SYdxx2mfNwGA==",
      "requires": {
        "@discordjs/util": "^0.1.0",
        "@sapphire/shapeshift": "^3.7.1",
        "discord-api-types": "^0.37.20",
        "fast-deep-equal": "^3.1.3",
        "ts-mixer": "^6.0.2",
        "tslib": "^2.4.1"
      }
    },
    "@discordjs/collection": {
      "version": "1.3.0",
      "resolved": "https://registry.npmjs.org/@discordjs/collection/-/collection-1.3.0.tgz",
      "integrity": "sha512-ylt2NyZ77bJbRij4h9u/wVy7qYw/aDqQLWnadjvDqW/WoWCxrsX6M3CIw9GVP5xcGCDxsrKj5e0r5evuFYwrKg=="
    },
    "@discordjs/rest": {
      "version": "1.4.0",
      "resolved": "https://registry.npmjs.org/@discordjs/rest/-/rest-1.4.0.tgz",
      "integrity": "sha512-k3Ip7ffFSAfp7Mu4H/3BEXFvFz+JsbXRrRtpeBMnSp1LefhtlZWJE6xdXzNlblktKNQltnRwY+z0NZrGQdxAMw==",
      "requires": {
        "@discordjs/collection": "^1.3.0",
        "@discordjs/util": "^0.1.0",
        "@sapphire/async-queue": "^1.5.0",
        "@sapphire/snowflake": "^3.2.2",
        "discord-api-types": "^0.37.20",
        "file-type": "^18.0.0",
        "tslib": "^2.4.1",
        "undici": "^5.13.0"
      }
    },
    "@discordjs/util": {
      "version": "0.1.0",
      "resolved": "https://registry.npmjs.org/@discordjs/util/-/util-0.1.0.tgz",
      "integrity": "sha512-e7d+PaTLVQav6rOc2tojh2y6FE8S7REkqLldq1XF4soCx74XB/DIjbVbVLtBemf0nLW77ntz0v+o5DytKwFNLQ=="
    },
    "@sapphire/async-queue": {
      "version": "1.5.0",
      "resolved": "https://registry.npmjs.org/@sapphire/async-queue/-/async-queue-1.5.0.tgz",
      "integrity": "sha512-JkLdIsP8fPAdh9ZZjrbHWR/+mZj0wvKS5ICibcLrRI1j84UmLMshx5n9QmL8b95d4onJ2xxiyugTgSAX7AalmA=="
    },
    "@sapphire/shapeshift": {
      "version": "3.7.1",
      "resolved": "https://registry.npmjs.org/@sapphire/shapeshift/-/shapeshift-3.7.1.tgz",
      "integrity": "sha512-JmYN/0GW49Vl8Hi4PwrsDBNjcuCylH78vWYolVys74LRIzilAAMINxx4RHQOdvYoz+ceJKVp4+zBbQ5kuIFOLw==",
      "requires": {
        "fast-deep-equal": "^3.1.3",
        "lodash.uniqwith": "^4.5.0"
      }
    },
    "@sapphire/snowflake": {
      "version": "3.3.0",
      "resolved": "https://registry.npmjs.org/@sapphire/snowflake/-/snowflake-3.3.0.tgz",
      "integrity": "sha512-Hec5N6zEkZuZFLybVKyLFLlcSgYmR6C1/+9NkIhxPwOf6tgX52ndJCSz8ADejmbrNE0VuNCNkpzhRZzenEC9vA=="
    },
    "@tokenizer/token": {
      "version": "0.3.0",
      "resolved": "https://registry.npmjs.org/@tokenizer/token/-/token-0.3.0.tgz",
      "integrity": "sha512-OvjF+z51L3ov0OyAU0duzsYuvO01PH7x4t6DJx+guahgTnBHkhJdG7soQeTSFLWN3efnHyibZ4Z8l2EuWwJN3A=="
    },
    "@tsconfig/node10": {
      "version": "1.0.8",
      "resolved": "https://registry.npmjs.org/@tsconfig/node10/-/node10-1.0.8.tgz",
      "integrity": "sha512-6XFfSQmMgq0CFLY1MslA/CPUfhIL919M1rMsa5lP2P097N2Wd1sSX0tx1u4olM16fLNhtHZpRhedZJphNJqmZg=="
    },
    "@tsconfig/node12": {
      "version": "1.0.9",
      "resolved": "https://registry.npmjs.org/@tsconfig/node12/-/node12-1.0.9.tgz",
      "integrity": "sha512-/yBMcem+fbvhSREH+s14YJi18sp7J9jpuhYByADT2rypfajMZZN4WQ6zBGgBKp53NKmqI36wFYDb3yaMPurITw=="
    },
    "@tsconfig/node14": {
      "version": "1.0.1",
      "resolved": "https://registry.npmjs.org/@tsconfig/node14/-/node14-1.0.1.tgz",
      "integrity": "sha512-509r2+yARFfHHE7T6Puu2jjkoycftovhXRqW328PDXTVGKihlb1P8Z9mMZH04ebyajfRY7dedfGynlrFHJUQCg=="
    },
    "@tsconfig/node16": {
      "version": "1.0.2",
      "resolved": "https://registry.npmjs.org/@tsconfig/node16/-/node16-1.0.2.tgz",
      "integrity": "sha512-eZxlbI8GZscaGS7kkc/trHTT5xgrjH3/1n2JDwusC9iahPKWMRvRjJSAN5mCXviuTGQ/lHnhvv8Q1YTpnfz9gA=="
    },
    "@types/node": {
      "version": "16.11.10",
      "resolved": "https://registry.npmjs.org/@types/node/-/node-16.11.10.tgz",
      "integrity": "sha512-3aRnHa1KlOEEhJ6+CvyHKK5vE9BcLGjtUpwvqYLRvYNQKMfabu3BwfJaA/SLW8dxe28LsNDjtHwePTuzn3gmOA=="
    },
    "@types/ramda": {
      "version": "0.27.54",
      "resolved": "https://registry.npmjs.org/@types/ramda/-/ramda-0.27.54.tgz",
      "integrity": "sha512-vm/FH3MGPBLFzpN1lrF/L6PtQ4saKSagzhfVGvPkw65XeZn8kLg8rarCo1MYkqQRgMcneuWDwNpVjEjZRUhEyA==",
      "requires": {
        "ts-toolbelt": "^6.15.1"
      }
    },
    "@types/ws": {
      "version": "8.5.3",
      "resolved": "https://registry.npmjs.org/@types/ws/-/ws-8.5.3.tgz",
      "integrity": "sha512-6YOoWjruKj1uLf3INHH7D3qTXwFfEsg1kf3c0uDdSBJwfa/llkwIjrAGV7j7mVgGNbzTQ3HiHKKDXl6bJPD97w==",
      "requires": {
        "@types/node": "*"
      }
    },
    "acorn": {
      "version": "8.6.0",
      "resolved": "https://registry.npmjs.org/acorn/-/acorn-8.6.0.tgz",
      "integrity": "sha512-U1riIR+lBSNi3IbxtaHOIKdH8sLFv3NYfNv8sg7ZsNhcfl4HF2++BfqqrNAxoCLQW1iiylOj76ecnaUxz+z9yw=="
    },
    "acorn-walk": {
      "version": "8.2.0",
      "resolved": "https://registry.npmjs.org/acorn-walk/-/acorn-walk-8.2.0.tgz",
      "integrity": "sha512-k+iyHEuPgSw6SbuDpGQM+06HQUa04DZ3o+F6CSzXMvvI5KMvnaEqXe+YVe555R9nn6GPt404fos4wcgpw12SDA=="
    },
    "arg": {
      "version": "4.1.3",
      "resolved": "https://registry.npmjs.org/arg/-/arg-4.1.3.tgz",
      "integrity": "sha512-58S9QDqG0Xx27YwPSt9fJxivjYl432YCwfDMfZ+71RAqUrZef7LrKQZ3LHLOwCS4FLNBplP533Zx895SeOCHvA=="
    },
    "asynckit": {
      "version": "0.4.0",
      "resolved": "https://registry.npmjs.org/asynckit/-/asynckit-0.4.0.tgz",
      "integrity": "sha1-x57Zf380y48robyXkLzDZkdLS3k="
    },
    "axios": {
      "version": "0.27.2",
      "resolved": "https://registry.npmjs.org/axios/-/axios-0.27.2.tgz",
      "integrity": "sha512-t+yRIyySRTp/wua5xEr+z1q60QmLq8ABsS5O9Me1AsE5dfKqgnCFzwiCZZ/cGNd1lq4/7akDWMxdhVlucjmnOQ==",
      "requires": {
        "follow-redirects": "^1.14.9",
        "form-data": "^4.0.0"
      }
    },
    "busboy": {
      "version": "1.6.0",
      "resolved": "https://registry.npmjs.org/busboy/-/busboy-1.6.0.tgz",
      "integrity": "sha512-8SFQbg/0hQ9xy3UNTB0YEnsNBbWfhf7RtnzpL7TkBiTBRfrQ9Fxcnz7VJsleJpyp6rVLvXiuORqjlHi5q+PYuA==",
      "requires": {
        "streamsearch": "^1.1.0"
      }
    },
    "combined-stream": {
      "version": "1.0.8",
      "resolved": "https://registry.npmjs.org/combined-stream/-/combined-stream-1.0.8.tgz",
      "integrity": "sha512-FQN4MRfuJeHf7cBbBMJFXhKSDq+2kAArBlmRBvcvFE5BB1HZKXtSFASDhdlz9zOYwxh8lDdnvmMOe/+5cdoEdg==",
      "requires": {
        "delayed-stream": "~1.0.0"
      }
    },
    "create-require": {
      "version": "1.1.1",
      "resolved": "https://registry.npmjs.org/create-require/-/create-require-1.1.1.tgz",
      "integrity": "sha512-dcKFX3jn0MpIaXjisoRvexIJVEKzaq7z2rZKxf+MSr9TkdmHmsU4m2lcLojrj/FHl8mk5VxMmYA+ftRkP/3oKQ=="
    },
    "delayed-stream": {
      "version": "1.0.0",
      "resolved": "https://registry.npmjs.org/delayed-stream/-/delayed-stream-1.0.0.tgz",
      "integrity": "sha1-3zrhmayt+31ECqrgsp4icrJOxhk="
    },
    "diff": {
      "version": "4.0.2",
      "resolved": "https://registry.npmjs.org/diff/-/diff-4.0.2.tgz",
      "integrity": "sha512-58lmxKSA4BNyLz+HHMUzlOEpg09FV+ev6ZMe3vJihgdxzgcwZ8VoEEPmALCZG9LmqfVoNMMKpttIYTVG6uDY7A=="
    },
    "discord-api-types": {
      "version": "0.37.20",
      "resolved": "https://registry.npmjs.org/discord-api-types/-/discord-api-types-0.37.20.tgz",
      "integrity": "sha512-uAO+55E11rMkYR36/paE1vKN8c2bZa1mgrIaiQIBgIZRKZTDIGOZB+8I5eMRPFJcGxrg16riUu+0aTu2JQEPew=="
    },
    "discord.js": {
      "version": "14.7.1",
      "resolved": "https://registry.npmjs.org/discord.js/-/discord.js-14.7.1.tgz",
      "integrity": "sha512-1FECvqJJjjeYcjSm0IGMnPxLqja/pmG1B0W2l3lUY2Gi4KXiyTeQmU1IxWcbXHn2k+ytP587mMWqva2IA87EbA==",
      "requires": {
        "@discordjs/builders": "^1.4.0",
        "@discordjs/collection": "^1.3.0",
        "@discordjs/rest": "^1.4.0",
        "@discordjs/util": "^0.1.0",
        "@sapphire/snowflake": "^3.2.2",
        "@types/ws": "^8.5.3",
        "discord-api-types": "^0.37.20",
        "fast-deep-equal": "^3.1.3",
        "lodash.snakecase": "^4.1.1",
        "tslib": "^2.4.1",
        "undici": "^5.13.0",
        "ws": "^8.11.0"
      }
    },
    "dotenv": {
      "version": "10.0.0",
      "resolved": "https://registry.npmjs.org/dotenv/-/dotenv-10.0.0.tgz",
      "integrity": "sha512-rlBi9d8jpv9Sf1klPjNfFAuWDjKLwTIJJ/VxtoTwIR6hnZxcEOQCZg2oIL3MWBYw5GpUDKOEnND7LXTbIpQ03Q=="
    },
    "fast-deep-equal": {
      "version": "3.1.3",
      "resolved": "https://registry.npmjs.org/fast-deep-equal/-/fast-deep-equal-3.1.3.tgz",
      "integrity": "sha512-f3qQ9oQy9j2AhBe/H9VC91wLmKBCCU/gDOnKNAYG5hswO7BLKj09Hc5HYNz9cGI++xlpDCIgDaitVs03ATR84Q=="
    },
    "file-type": {
      "version": "18.0.0",
      "resolved": "https://registry.npmjs.org/file-type/-/file-type-18.0.0.tgz",
      "integrity": "sha512-jjMwFpnW8PKofLE/4ohlhqwDk5k0NC6iy0UHAJFKoY1fQeGMN0GDdLgHQrvCbSpMwbqzoCZhRI5dETCZna5qVA==",
      "requires": {
        "readable-web-to-node-stream": "^3.0.2",
        "strtok3": "^7.0.0",
        "token-types": "^5.0.1"
      }
    },
    "follow-redirects": {
      "version": "1.15.2",
      "resolved": "https://registry.npmjs.org/follow-redirects/-/follow-redirects-1.15.2.tgz",
      "integrity": "sha512-VQLG33o04KaQ8uYi2tVNbdrWp1QWxNNea+nmIB4EVM28v0hmP17z7aG1+wAkNzVq4KeXTq3221ye5qTJP91JwA=="
    },
    "form-data": {
      "version": "4.0.0",
      "resolved": "https://registry.npmjs.org/form-data/-/form-data-4.0.0.tgz",
      "integrity": "sha512-ETEklSGi5t0QMZuiXoA/Q6vcnxcLQP5vdugSpuAyi6SVGi2clPPp+xgEhuMaHC+zGgn31Kd235W35f7Hykkaww==",
      "requires": {
        "asynckit": "^0.4.0",
        "combined-stream": "^1.0.8",
        "mime-types": "^2.1.12"
      }
    },
    "ieee754": {
      "version": "1.2.1",
      "resolved": "https://registry.npmjs.org/ieee754/-/ieee754-1.2.1.tgz",
      "integrity": "sha512-dcyqhDvX1C46lXZcVqCpK+FtMRQVdIMN6/Df5js2zouUsqG7I6sFxitIC+7KYK29KdXOLHdu9zL4sFnoVQnqaA=="
    },
    "inherits": {
      "version": "2.0.4",
      "resolved": "https://registry.npmjs.org/inherits/-/inherits-2.0.4.tgz",
      "integrity": "sha512-k/vGaX4/Yla3WzyMCvTQOXYeIHvqOKtnqBduzTHpzpQZzAskKMhZ2K+EnBiSM9zGSoIFeMpXKxa4dYeZIQqewQ=="
    },
    "lodash.snakecase": {
      "version": "4.1.1",
      "resolved": "https://registry.npmjs.org/lodash.snakecase/-/lodash.snakecase-4.1.1.tgz",
      "integrity": "sha512-QZ1d4xoBHYUeuouhEq3lk3Uq7ldgyFXGBhg04+oRLnIz8o9T65Eh+8YdroUwn846zchkA9yDsDl5CVVaV2nqYw=="
    },
    "lodash.uniqwith": {
      "version": "4.5.0",
      "resolved": "https://registry.npmjs.org/lodash.uniqwith/-/lodash.uniqwith-4.5.0.tgz",
      "integrity": "sha512-7lYL8bLopMoy4CTICbxygAUq6CdRJ36vFc80DucPueUee+d5NBRxz3FdT9Pes/HEx5mPoT9jwnsEJWz1N7uq7Q=="
    },
    "make-error": {
      "version": "1.3.6",
      "resolved": "https://registry.npmjs.org/make-error/-/make-error-1.3.6.tgz",
      "integrity": "sha512-s8UhlNe7vPKomQhC1qFelMokr/Sc3AgNbso3n74mVPA5LTZwkB9NlXf4XPamLxJE8h0gh73rM94xvwRT2CVInw=="
    },
    "mime-db": {
      "version": "1.51.0",
      "resolved": "https://registry.npmjs.org/mime-db/-/mime-db-1.51.0.tgz",
      "integrity": "sha512-5y8A56jg7XVQx2mbv1lu49NR4dokRnhZYTtL+KGfaa27uq4pSTXkwQkFJl4pkRMyNFz/EtYDSkiiEHx3F7UN6g=="
    },
    "mime-types": {
      "version": "2.1.34",
      "resolved": "https://registry.npmjs.org/mime-types/-/mime-types-2.1.34.tgz",
      "integrity": "sha512-6cP692WwGIs9XXdOO4++N+7qjqv0rqxxVvJ3VHPh/Sc9mVZcQP+ZGhkKiTvWMQRr2tbHkJP/Yn7Y0npb3ZBs4A==",
      "requires": {
        "mime-db": "1.51.0"
      }
    },
    "openai": {
      "version": "3.1.0",
      "resolved": "https://registry.npmjs.org/openai/-/openai-3.1.0.tgz",
      "integrity": "sha512-v5kKFH5o+8ld+t0arudj833Mgm3GcgBnbyN9946bj6u7bvel4Yg6YFz2A4HLIYDzmMjIo0s6vSG9x73kOwvdCg==",
      "requires": {
        "axios": "^0.26.0",
        "form-data": "^4.0.0"
      },
      "dependencies": {
        "axios": {
          "version": "0.26.1",
          "resolved": "https://registry.npmjs.org/axios/-/axios-0.26.1.tgz",
          "integrity": "sha512-fPwcX4EvnSHuInCMItEhAGnaSEXRBjtzh9fOtsE6E1G6p7vl7edEeZe11QHf18+6+9gR5PbKV/sGKNaD8YaMeA==",
          "requires": {
            "follow-redirects": "^1.14.8"
          }
        }
      }
    },
    "peek-readable": {
      "version": "5.0.0",
      "resolved": "https://registry.npmjs.org/peek-readable/-/peek-readable-5.0.0.tgz",
      "integrity": "sha512-YtCKvLUOvwtMGmrniQPdO7MwPjgkFBtFIrmfSbYmYuq3tKDV/mcfAhBth1+C3ru7uXIZasc/pHnb+YDYNkkj4A=="
    },
    "ramda": {
      "version": "0.27.1",
      "resolved": "https://registry.npmjs.org/ramda/-/ramda-0.27.1.tgz",
      "integrity": "sha512-PgIdVpn5y5Yns8vqb8FzBUEYn98V3xcPgawAkkgj0YJ0qDsnHCiNmZYfOGMgOvoB0eWFLpYbhxUR3mxfDIMvpw=="
    },
    "readable-stream": {
      "version": "3.6.0",
      "resolved": "https://registry.npmjs.org/readable-stream/-/readable-stream-3.6.0.tgz",
      "integrity": "sha512-BViHy7LKeTz4oNnkcLJ+lVSL6vpiFeX6/d3oSH8zCW7UxP2onchk+vTGB143xuFjHS3deTgkKoXXymXqymiIdA==",
      "requires": {
        "inherits": "^2.0.3",
        "string_decoder": "^1.1.1",
        "util-deprecate": "^1.0.1"
      }
    },
    "readable-web-to-node-stream": {
      "version": "3.0.2",
      "resolved": "https://registry.npmjs.org/readable-web-to-node-stream/-/readable-web-to-node-stream-3.0.2.tgz",
      "integrity": "sha512-ePeK6cc1EcKLEhJFt/AebMCLL+GgSKhuygrZ/GLaKZYEecIgIECf4UaUuaByiGtzckwR4ain9VzUh95T1exYGw==",
      "requires": {
        "readable-stream": "^3.6.0"
      }
    },
    "safe-buffer": {
      "version": "5.2.1",
      "resolved": "https://registry.npmjs.org/safe-buffer/-/safe-buffer-5.2.1.tgz",
      "integrity": "sha512-rp3So07KcdmmKbGvgaNxQSJr7bGVSVk5S9Eq1F+ppbRo70+YeaDxkw5Dd8NPN+GD6bjnYm2VuPuCXmpuYvmCXQ=="
    },
    "streamsearch": {
      "version": "1.1.0",
      "resolved": "https://registry.npmjs.org/streamsearch/-/streamsearch-1.1.0.tgz",
      "integrity": "sha512-Mcc5wHehp9aXz1ax6bZUyY5afg9u2rv5cqQI3mRrYkGC8rW2hM02jWuwjtL++LS5qinSyhj2QfLyNsuc+VsExg=="
    },
    "string_decoder": {
      "version": "1.3.0",
      "resolved": "https://registry.npmjs.org/string_decoder/-/string_decoder-1.3.0.tgz",
      "integrity": "sha512-hkRX8U1WjJFd8LsDJ2yQ/wWWxaopEsABU1XfkM8A+j0+85JAGppt16cr1Whg6KIbb4okU6Mql6BOj+uup/wKeA==",
      "requires": {
        "safe-buffer": "~5.2.0"
      }
    },
    "strtok3": {
      "version": "7.0.0",
      "resolved": "https://registry.npmjs.org/strtok3/-/strtok3-7.0.0.tgz",
      "integrity": "sha512-pQ+V+nYQdC5H3Q7qBZAz/MO6lwGhoC2gOAjuouGf/VO0m7vQRh8QNMl2Uf6SwAtzZ9bOw3UIeBukEGNJl5dtXQ==",
      "requires": {
        "@tokenizer/token": "^0.3.0",
        "peek-readable": "^5.0.0"
      }
    },
    "token-types": {
      "version": "5.0.1",
      "resolved": "https://registry.npmjs.org/token-types/-/token-types-5.0.1.tgz",
      "integrity": "sha512-Y2fmSnZjQdDb9W4w4r1tswlMHylzWIeOKpx0aZH9BgGtACHhrk3OkT52AzwcuqTRBZtvvnTjDBh8eynMulu8Vg==",
      "requires": {
        "@tokenizer/token": "^0.3.0",
        "ieee754": "^1.2.1"
      }
    },
    "ts-mixer": {
      "version": "6.0.2",
      "resolved": "https://registry.npmjs.org/ts-mixer/-/ts-mixer-6.0.2.tgz",
      "integrity": "sha512-zvHx3VM83m2WYCE8XL99uaM7mFwYSkjR2OZti98fabHrwkjsCvgwChda5xctein3xGOyaQhtTeDq/1H/GNvF3A=="
    },
    "ts-node": {
      "version": "10.4.0",
      "resolved": "https://registry.npmjs.org/ts-node/-/ts-node-10.4.0.tgz",
      "integrity": "sha512-g0FlPvvCXSIO1JDF6S232P5jPYqBkRL9qly81ZgAOSU7rwI0stphCgd2kLiCrU9DjQCrJMWEqcNSjQL02s6d8A==",
      "requires": {
        "@cspotcode/source-map-support": "0.7.0",
        "@tsconfig/node10": "^1.0.7",
        "@tsconfig/node12": "^1.0.7",
        "@tsconfig/node14": "^1.0.0",
        "@tsconfig/node16": "^1.0.2",
        "acorn": "^8.4.1",
        "acorn-walk": "^8.1.1",
        "arg": "^4.1.0",
        "create-require": "^1.1.0",
        "diff": "^4.0.1",
        "make-error": "^1.1.1",
        "yn": "3.1.1"
      }
    },
    "ts-toolbelt": {
      "version": "6.15.5",
      "resolved": "https://registry.npmjs.org/ts-toolbelt/-/ts-toolbelt-6.15.5.tgz",
      "integrity": "sha512-FZIXf1ksVyLcfr7M317jbB67XFJhOO1YqdTcuGaq9q5jLUoTikukZ+98TPjKiP2jC5CgmYdWWYs0s2nLSU0/1A=="
    },
    "tslib": {
      "version": "2.4.1",
      "resolved": "https://registry.npmjs.org/tslib/-/tslib-2.4.1.tgz",
      "integrity": "sha512-tGyy4dAjRIEwI7BzsB0lynWgOpfqjUdq91XXAlIWD2OwKBH7oCl/GZG/HT4BOHrTlPMOASlMQ7veyTqpmRcrNA=="
    },
    "typescript": {
      "version": "4.5.2",
      "resolved": "https://registry.npmjs.org/typescript/-/typescript-4.5.2.tgz",
      "integrity": "sha512-5BlMof9H1yGt0P8/WF+wPNw6GfctgGjXp5hkblpyT+8rkASSmkUKMXrxR0Xg8ThVCi/JnHQiKXeBaEwCeQwMFw==",
      "peer": true
    },
    "undici": {
      "version": "5.13.0",
      "resolved": "https://registry.npmjs.org/undici/-/undici-5.13.0.tgz",
      "integrity": "sha512-UDZKtwb2k7KRsK4SdXWG7ErXiL7yTGgLWvk2AXO1JMjgjh404nFo6tWSCM2xMpJwMPx3J8i/vfqEh1zOqvj82Q==",
      "requires": {
        "busboy": "^1.6.0"
      }
    },
    "util-deprecate": {
      "version": "1.0.2",
      "resolved": "https://registry.npmjs.org/util-deprecate/-/util-deprecate-1.0.2.tgz",
      "integrity": "sha512-EPD5q1uXyFxJpCrLnCc1nHnq3gOa6DZBocAIiI2TaSCA7VCJ1UJDMagCzIkXNsUYfD1daK//LTEQ8xiIbrHtcw=="
    },
    "ws": {
      "version": "8.11.0",
      "resolved": "https://registry.npmjs.org/ws/-/ws-8.11.0.tgz",
      "integrity": "sha512-HPG3wQd9sNQoT9xHyNCXoDUa+Xw/VevmY9FoHyQ+g+rrMn4j6FB4np7Z0OhdTgjx6MgQLK7jwSy1YecU1+4Asg==",
      "requires": {}
    },
    "yn": {
      "version": "3.1.1",
      "resolved": "https://registry.npmjs.org/yn/-/yn-3.1.1.tgz",
      "integrity": "sha512-Ux4ygGWsu2c7isFWe8Yu1YluJmqVhxqK2cLXNQA5AcC3QfbGNpM7fu0Y8b/z16pXLnFxZYvWhd3fhBY9DLmC6Q=="
    }
  }
}
